
Microsoft Visual Studio Solution File, Format Version 12.00
# Visual Studio Version 16
VisualStudioVersion = 16.0.30503.244
MinimumVisualStudioVersion = 10.0.40219.1
Project("{9A19103F-16F7-4668-BE54-9A1E7A4F7556}") = "Sean.Core.Ioc", "src\Sean.Core.Ioc\Sean.Core.Ioc.csproj", "{F52BD96B-B951-4177-AF7A-B0145BC716E5}"
EndProject
Project("{2150E333-8FDC-42A3-9474-1A3956D46DE8}") = "Test", "Test", "{0FF04EF2-9BB4-43DA-8F33-3F3B5882CA41}"
EndProject
Project("{FAE04EC0-301F-11D3-BF4B-00C04F79EFBC}") = "Demo.NetCore", "test\Demo.NetCore\Demo.NetCore.csproj", "{7418218A-F607-479A-8429-43D910AEA63B}"
EndProject
Global
	GlobalSection(SolutionConfigurationPlatforms) = preSolution
		Debug|Any CPU = Debug|Any CPU
		Release|Any CPU = Release|Any CPU
	EndGlobalSection
	GlobalSection(ProjectConfigurationPlatforms) = postSolution
		{F52BD96B-B951-4177-AF7A-B0145BC716E5}.Debug|Any CPU.ActiveCfg = Debug|Any CPU
		{F52BD96B-B951-4177-AF7A-B0145BC716E5}.Debug|Any CPU.Build.0 = Debug|Any CPU
		{F52BD96B-B951-4177-AF7A-B0145BC716E5}.Release|Any CPU.ActiveCfg = Release|Any CPU
		{F52BD96B-B951-4177-AF7A-B0145BC716E5}.Release|Any CPU.Build.0 = Release|Any CPU
		{7418218A-F607-479A-8429-43D910AEA63B}.Debug|Any CPU.ActiveCfg = Debug|Any CPU
		{7418218A-F607-479A-8429-43D910AEA63B}.Debug|Any CPU.Build.0 = Debug|Any CPU
		{7418218A-F607-479A-8429-43D910AEA63B}.Release|Any CPU.ActiveCfg = Release|Any CPU
		{7418218A-F607-479A-8429-43D910AEA63B}.Release|Any CPU.Build.0 = Release|Any CPU
	EndGlobalSection
	GlobalSection(SolutionProperties) = preSolution
		HideSolutionNode = FALSE
	EndGlobalSection
	GlobalSection(NestedProjects) = preSolution
		{7418218A-F607-479A-8429-43D910AEA63B} = {0FF04EF2-9BB4-43DA-8F33-3F3B5882CA41}
	EndGlobalSection
	GlobalSection(ExtensibilityGlobals) = postSolution
		SolutionGuid = {4A0230F6-C925-44F4-B9C0-D42EA95A3A27}
	EndGlobalSection
EndGlobal
